
Microsoft Visual Studio Solution File, Format Version 12.00
# Visual Studio Version 17
VisualStudioVersion = 17.0.31521.260
MinimumVisualStudioVersion = 10.0.40219.1
Project("{9A19103F-16F7-4668-BE54-9A1E7A4F7556}") = "CoccoBotLinux", "CoccoBotLinux.csproj", "{8FF41BCC-93FC-4CA7-9E28-C8B21B341F29}"
EndProject
Global
	GlobalSection(SolutionConfigurationPlatforms) = preSolution
		Debug|Any CPU = Debug|Any CPU
		Release|Any CPU = Release|Any CPU
	EndGlobalSection
	GlobalSection(ProjectConfigurationPlatforms) = postSolution
		{8FF41BCC-93FC-4CA7-9E28-C8B21B341F29}.Debug|Any CPU.ActiveCfg = Debug|Any CPU
		{8FF41BCC-93FC-4CA7-9E28-C8B21B341F29}.Debug|Any CPU.Build.0 = Debug|Any CPU
		{8FF41BCC-93FC-4CA7-9E28-C8B21B341F29}.Release|Any CPU.ActiveCfg = Release|Any CPU
		{8FF41BCC-93FC-4CA7-9E28-C8B21B341F29}.Release|Any CPU.Build.0 = Release|Any CPU
	EndGlobalSection
	GlobalSection(SolutionProperties) = preSolution
		HideSolutionNode = FALSE
	EndGlobalSection
	GlobalSection(ExtensibilityGlobals) = postSolution
		SolutionGuid = {1308DC1E-6095-4E76-9BD2-9773BCA4A311}
	EndGlobalSection
EndGlobal
